
Microsoft Visual Studio Solution File, Format Version 11.00
# Visual Studio 2010
Project("{FAE04EC0-301F-11D3-BF4B-00C04F79EFBC}") = "CoverageSummaryUtil", "CoverageSummaryUtil\CoverageSummaryUtil.csproj", "{AEABB750-3735-43F3-ADFD-C4CEF7AF6ECC}"
EndProject
Global
	GlobalSection(TeamFoundationVersionControl) = preSolution
		SccNumberOfProjects = 2
		SccEnterpriseProvider = {4CA58AB2-18FA-4F8D-95D4-32DDF27D184C}
		SccTeamFoundationServer = http://tfsapp.dotcom.tesco.org/tfs/grocery
		SccLocalPath0 = .
		SccProjectUniqueName1 = CoverageSummaryUtil\\CoverageSummaryUtil.csproj
		SccProjectName1 = CoverageSummaryUtil
		SccLocalPath1 = CoverageSummaryUtil
	EndGlobalSection
	GlobalSection(SolutionConfigurationPlatforms) = preSolution
		Debug|x86 = Debug|x86
		Release|x86 = Release|x86
	EndGlobalSection
	GlobalSection(ProjectConfigurationPlatforms) = postSolution
		{AEABB750-3735-43F3-ADFD-C4CEF7AF6ECC}.Debug|x86.ActiveCfg = Debug|x86
		{AEABB750-3735-43F3-ADFD-C4CEF7AF6ECC}.Debug|x86.Build.0 = Debug|x86
		{AEABB750-3735-43F3-ADFD-C4CEF7AF6ECC}.Release|x86.ActiveCfg = Release|x86
		{AEABB750-3735-43F3-ADFD-C4CEF7AF6ECC}.Release|x86.Build.0 = Release|x86
	EndGlobalSection
	GlobalSection(SolutionProperties) = preSolution
		HideSolutionNode = FALSE
	EndGlobalSection
EndGlobal
