
Microsoft Visual Studio Solution File, Format Version 11.00
# Visual Studio 2010
Project("{FAE04EC0-301F-11D3-BF4B-00C04F79EFBC}") = "Sample", "Sample\Sample.csproj", "{B600FB82-EE7B-4EC1-8359-CE2C954FED42}"
EndProject
Global
	GlobalSection(SolutionConfigurationPlatforms) = preSolution
		Debug|Any CPU = Debug|Any CPU
		Release|Any CPU = Release|Any CPU
	EndGlobalSection
	GlobalSection(ProjectConfigurationPlatforms) = postSolution
		{B600FB82-EE7B-4EC1-8359-CE2C954FED42}.Debug|Any CPU.ActiveCfg = Debug|Any CPU
		{B600FB82-EE7B-4EC1-8359-CE2C954FED42}.Debug|Any CPU.Build.0 = Debug|Any CPU
		{B600FB82-EE7B-4EC1-8359-CE2C954FED42}.Release|Any CPU.ActiveCfg = Release|Any CPU
		{B600FB82-EE7B-4EC1-8359-CE2C954FED42}.Release|Any CPU.Build.0 = Release|Any CPU
	EndGlobalSection
	GlobalSection(SolutionProperties) = preSolution
		HideSolutionNode = FALSE
	EndGlobalSection
EndGlobal
