
Microsoft Visual Studio Solution File, Format Version 11.00
# Visual Studio 2010
Project("{FAE04EC0-301F-11D3-BF4B-00C04F79EFBC}") = "GenerateManifest", "GenerateManifest\GenerateManifest.csproj", "{A459FC4A-E93D-4517-B791-E14D1DE5756A}"
EndProject
Project("{FAE04EC0-301F-11D3-BF4B-00C04F79EFBC}") = "ManifestActivityLibrary", "ManifestActivityLibrary\ManifestActivityLibrary.csproj", "{ED8A76C2-EC45-4AE7-A935-A1ADBD78F852}"
EndProject
Project("{FAE04EC0-301F-11D3-BF4B-00C04F79EFBC}") = "Manifest.Contracts", "Manifest.Contracts\Manifest.Contracts.csproj", "{76951020-19DC-4BA9-B66A-E91023A98013}"
EndProject
Project("{FAE04EC0-301F-11D3-BF4B-00C04F79EFBC}") = "Manifest.DefaultImpl", "Manifest.DefaultImpl\Manifest.DefaultImpl.csproj", "{4D869518-7FAA-4CB9-9486-1EF59D9B9AFD}"
EndProject
Project("{FAE04EC0-301F-11D3-BF4B-00C04F79EFBC}") = "Manifest.Xml", "Manifest.Xml\Manifest.Xml.csproj", "{820C9F99-1774-4574-A503-E4ACA409F277}"
EndProject
Project("{FAE04EC0-301F-11D3-BF4B-00C04F79EFBC}") = "Manifest.Core", "Manifest.Core\Manifest.Core.csproj", "{91B3E87D-A53E-4624-ACD4-4CBFF9C46AA3}"
EndProject
Global
	GlobalSection(TeamFoundationVersionControl) = preSolution
		SccNumberOfProjects = 7
		SccEnterpriseProvider = {4CA58AB2-18FA-4F8D-95D4-32DDF27D184C}
		SccTeamFoundationServer = http://tfsapp.dotcom.tesco.org/tfs/grocery
		SccLocalPath0 = .
		SccProjectUniqueName1 = Manifest.Xml\\Manifest.Xml.csproj
		SccProjectName1 = Manifest.Xml
		SccLocalPath1 = Manifest.Xml
		SccProjectUniqueName2 = Manifest.DefaultImpl\\Manifest.DefaultImpl.csproj
		SccProjectName2 = Manifest.DefaultImpl
		SccLocalPath2 = Manifest.DefaultImpl
		SccProjectUniqueName3 = Manifest.Contracts\\Manifest.Contracts.csproj
		SccProjectName3 = Manifest.Contracts
		SccLocalPath3 = Manifest.Contracts
		SccProjectUniqueName4 = ManifestActivityLibrary\\ManifestActivityLibrary.csproj
		SccProjectName4 = ManifestActivityLibrary
		SccLocalPath4 = ManifestActivityLibrary
		SccProjectUniqueName5 = GenerateManifest\\GenerateManifest.csproj
		SccProjectName5 = GenerateManifest
		SccLocalPath5 = GenerateManifest
		SccProjectUniqueName6 = Manifest.Core\\Manifest.Core.csproj
		SccProjectName6 = Manifest.Core
		SccLocalPath6 = Manifest.Core
	EndGlobalSection
	GlobalSection(SolutionConfigurationPlatforms) = preSolution
		Debug|Any CPU = Debug|Any CPU
		Debug|Mixed Platforms = Debug|Mixed Platforms
		Debug|x86 = Debug|x86
		Release|Any CPU = Release|Any CPU
		Release|Mixed Platforms = Release|Mixed Platforms
		Release|x86 = Release|x86
	EndGlobalSection
	GlobalSection(ProjectConfigurationPlatforms) = postSolution
		{A459FC4A-E93D-4517-B791-E14D1DE5756A}.Debug|Any CPU.ActiveCfg = Debug|x86
		{A459FC4A-E93D-4517-B791-E14D1DE5756A}.Debug|Mixed Platforms.ActiveCfg = Debug|x86
		{A459FC4A-E93D-4517-B791-E14D1DE5756A}.Debug|Mixed Platforms.Build.0 = Debug|x86
		{A459FC4A-E93D-4517-B791-E14D1DE5756A}.Debug|x86.ActiveCfg = Debug|x86
		{A459FC4A-E93D-4517-B791-E14D1DE5756A}.Debug|x86.Build.0 = Debug|x86
		{A459FC4A-E93D-4517-B791-E14D1DE5756A}.Release|Any CPU.ActiveCfg = Release|x86
		{A459FC4A-E93D-4517-B791-E14D1DE5756A}.Release|Mixed Platforms.ActiveCfg = Release|x86
		{A459FC4A-E93D-4517-B791-E14D1DE5756A}.Release|Mixed Platforms.Build.0 = Release|x86
		{A459FC4A-E93D-4517-B791-E14D1DE5756A}.Release|x86.ActiveCfg = Release|x86
		{A459FC4A-E93D-4517-B791-E14D1DE5756A}.Release|x86.Build.0 = Release|x86
		{ED8A76C2-EC45-4AE7-A935-A1ADBD78F852}.Debug|Any CPU.ActiveCfg = Debug|Any CPU
		{ED8A76C2-EC45-4AE7-A935-A1ADBD78F852}.Debug|Any CPU.Build.0 = Debug|Any CPU
		{ED8A76C2-EC45-4AE7-A935-A1ADBD78F852}.Debug|Mixed Platforms.ActiveCfg = Debug|Any CPU
		{ED8A76C2-EC45-4AE7-A935-A1ADBD78F852}.Debug|Mixed Platforms.Build.0 = Debug|Any CPU
		{ED8A76C2-EC45-4AE7-A935-A1ADBD78F852}.Debug|x86.ActiveCfg = Debug|Any CPU
		{ED8A76C2-EC45-4AE7-A935-A1ADBD78F852}.Release|Any CPU.ActiveCfg = Release|Any CPU
		{ED8A76C2-EC45-4AE7-A935-A1ADBD78F852}.Release|Any CPU.Build.0 = Release|Any CPU
		{ED8A76C2-EC45-4AE7-A935-A1ADBD78F852}.Release|Mixed Platforms.ActiveCfg = Release|Any CPU
		{ED8A76C2-EC45-4AE7-A935-A1ADBD78F852}.Release|Mixed Platforms.Build.0 = Release|Any CPU
		{ED8A76C2-EC45-4AE7-A935-A1ADBD78F852}.Release|x86.ActiveCfg = Release|Any CPU
		{76951020-19DC-4BA9-B66A-E91023A98013}.Debug|Any CPU.ActiveCfg = Debug|Any CPU
		{76951020-19DC-4BA9-B66A-E91023A98013}.Debug|Any CPU.Build.0 = Debug|Any CPU
		{76951020-19DC-4BA9-B66A-E91023A98013}.Debug|Mixed Platforms.ActiveCfg = Debug|Any CPU
		{76951020-19DC-4BA9-B66A-E91023A98013}.Debug|Mixed Platforms.Build.0 = Debug|Any CPU
		{76951020-19DC-4BA9-B66A-E91023A98013}.Debug|x86.ActiveCfg = Debug|Any CPU
		{76951020-19DC-4BA9-B66A-E91023A98013}.Release|Any CPU.ActiveCfg = Release|Any CPU
		{76951020-19DC-4BA9-B66A-E91023A98013}.Release|Any CPU.Build.0 = Release|Any CPU
		{76951020-19DC-4BA9-B66A-E91023A98013}.Release|Mixed Platforms.ActiveCfg = Release|Any CPU
		{76951020-19DC-4BA9-B66A-E91023A98013}.Release|Mixed Platforms.Build.0 = Release|Any CPU
		{76951020-19DC-4BA9-B66A-E91023A98013}.Release|x86.ActiveCfg = Release|Any CPU
		{4D869518-7FAA-4CB9-9486-1EF59D9B9AFD}.Debug|Any CPU.ActiveCfg = Debug|Any CPU
		{4D869518-7FAA-4CB9-9486-1EF59D9B9AFD}.Debug|Any CPU.Build.0 = Debug|Any CPU
		{4D869518-7FAA-4CB9-9486-1EF59D9B9AFD}.Debug|Mixed Platforms.ActiveCfg = Debug|Any CPU
		{4D869518-7FAA-4CB9-9486-1EF59D9B9AFD}.Debug|Mixed Platforms.Build.0 = Debug|Any CPU
		{4D869518-7FAA-4CB9-9486-1EF59D9B9AFD}.Debug|x86.ActiveCfg = Debug|Any CPU
		{4D869518-7FAA-4CB9-9486-1EF59D9B9AFD}.Release|Any CPU.ActiveCfg = Release|Any CPU
		{4D869518-7FAA-4CB9-9486-1EF59D9B9AFD}.Release|Any CPU.Build.0 = Release|Any CPU
		{4D869518-7FAA-4CB9-9486-1EF59D9B9AFD}.Release|Mixed Platforms.ActiveCfg = Release|Any CPU
		{4D869518-7FAA-4CB9-9486-1EF59D9B9AFD}.Release|Mixed Platforms.Build.0 = Release|Any CPU
		{4D869518-7FAA-4CB9-9486-1EF59D9B9AFD}.Release|x86.ActiveCfg = Release|Any CPU
		{820C9F99-1774-4574-A503-E4ACA409F277}.Debug|Any CPU.ActiveCfg = Debug|Any CPU
		{820C9F99-1774-4574-A503-E4ACA409F277}.Debug|Any CPU.Build.0 = Debug|Any CPU
		{820C9F99-1774-4574-A503-E4ACA409F277}.Debug|Mixed Platforms.ActiveCfg = Debug|Any CPU
		{820C9F99-1774-4574-A503-E4ACA409F277}.Debug|Mixed Platforms.Build.0 = Debug|Any CPU
		{820C9F99-1774-4574-A503-E4ACA409F277}.Debug|x86.ActiveCfg = Debug|Any CPU
		{820C9F99-1774-4574-A503-E4ACA409F277}.Release|Any CPU.ActiveCfg = Release|Any CPU
		{820C9F99-1774-4574-A503-E4ACA409F277}.Release|Any CPU.Build.0 = Release|Any CPU
		{820C9F99-1774-4574-A503-E4ACA409F277}.Release|Mixed Platforms.ActiveCfg = Release|Any CPU
		{820C9F99-1774-4574-A503-E4ACA409F277}.Release|Mixed Platforms.Build.0 = Release|Any CPU
		{820C9F99-1774-4574-A503-E4ACA409F277}.Release|x86.ActiveCfg = Release|Any CPU
		{91B3E87D-A53E-4624-ACD4-4CBFF9C46AA3}.Debug|Any CPU.ActiveCfg = Debug|Any CPU
		{91B3E87D-A53E-4624-ACD4-4CBFF9C46AA3}.Debug|Any CPU.Build.0 = Debug|Any CPU
		{91B3E87D-A53E-4624-ACD4-4CBFF9C46AA3}.Debug|Mixed Platforms.ActiveCfg = Debug|Any CPU
		{91B3E87D-A53E-4624-ACD4-4CBFF9C46AA3}.Debug|Mixed Platforms.Build.0 = Debug|Any CPU
		{91B3E87D-A53E-4624-ACD4-4CBFF9C46AA3}.Debug|x86.ActiveCfg = Debug|Any CPU
		{91B3E87D-A53E-4624-ACD4-4CBFF9C46AA3}.Release|Any CPU.ActiveCfg = Release|Any CPU
		{91B3E87D-A53E-4624-ACD4-4CBFF9C46AA3}.Release|Any CPU.Build.0 = Release|Any CPU
		{91B3E87D-A53E-4624-ACD4-4CBFF9C46AA3}.Release|Mixed Platforms.ActiveCfg = Release|Any CPU
		{91B3E87D-A53E-4624-ACD4-4CBFF9C46AA3}.Release|Mixed Platforms.Build.0 = Release|Any CPU
		{91B3E87D-A53E-4624-ACD4-4CBFF9C46AA3}.Release|x86.ActiveCfg = Release|Any CPU
	EndGlobalSection
	GlobalSection(SolutionProperties) = preSolution
		HideSolutionNode = FALSE
	EndGlobalSection
EndGlobal
