
Microsoft Visual Studio Solution File, Format Version 12.00
# Visual Studio 2012
Project("{FAE04EC0-301F-11D3-BF4B-00C04F79EFBC}") = "MyCompany.CustomReportTypes", "MyCompany.CustomReportTypes\MyCompany.CustomReportTypes.csproj", "{140F728E-FE57-4E4D-B943-AB70092B5A74}"
EndProject
Project("{2150E333-8FDC-42A3-9474-1A3956D46DE8}") = ".nuget", ".nuget", "{A705BE9D-8BFA-44C8-B5D0-5E8B5589CA29}"
	ProjectSection(SolutionItems) = preProject
		.nuget\packages.config = .nuget\packages.config
	EndProjectSection
EndProject
Global
	GlobalSection(SolutionConfigurationPlatforms) = preSolution
		Debug|Any CPU = Debug|Any CPU
		Release|Any CPU = Release|Any CPU
	EndGlobalSection
	GlobalSection(ProjectConfigurationPlatforms) = postSolution
		{140F728E-FE57-4E4D-B943-AB70092B5A74}.Debug|Any CPU.ActiveCfg = Debug|Any CPU
		{140F728E-FE57-4E4D-B943-AB70092B5A74}.Debug|Any CPU.Build.0 = Debug|Any CPU
		{140F728E-FE57-4E4D-B943-AB70092B5A74}.Release|Any CPU.ActiveCfg = Release|Any CPU
		{140F728E-FE57-4E4D-B943-AB70092B5A74}.Release|Any CPU.Build.0 = Release|Any CPU
	EndGlobalSection
	GlobalSection(SolutionProperties) = preSolution
		HideSolutionNode = FALSE
	EndGlobalSection
EndGlobal
